<Solution>
  <Folder Name="/Libs/">
    <Project Path="Libs/MartialHeroes.Serialization/MartialHeroes.Serialization.csproj" />
  </Folder>
  <Folder Name="/SourceGenerators/" />
  <Folder Name="/Srcs/" />
  <Folder Name="/Tools/">
    <Project Path="Tools/MartialHeroes.Explorer/MartialHeroes.Explorer.csproj" />
    <Project Path="Tools/MartialHeroes.Packer/MartialHeroes.Packer.csproj" />
  </Folder>
</Solution>
